
Microsoft Visual Studio Solution File, Format Version 12.00
# Visual Studio Version 16
VisualStudioVersion = 16.0.31005.135
MinimumVisualStudioVersion = 10.0.40219.1
Project("{FAE04EC0-301F-11D3-BF4B-00C04F79EFBC}") = "Borrow", "Borrow\Borrow.csproj", "{D54965EC-7B25-4BB7-BCFB-4D5EC5ED7152}"
EndProject
Global
	GlobalSection(SolutionConfigurationPlatforms) = preSolution
		Debug|Any CPU = Debug|Any CPU
		Release|Any CPU = Release|Any CPU
	EndGlobalSection
	GlobalSection(ProjectConfigurationPlatforms) = postSolution
		{D54965EC-7B25-4BB7-BCFB-4D5EC5ED7152}.Debug|Any CPU.ActiveCfg = Debug|Any CPU
		{D54965EC-7B25-4BB7-BCFB-4D5EC5ED7152}.Debug|Any CPU.Build.0 = Debug|Any CPU
		{D54965EC-7B25-4BB7-BCFB-4D5EC5ED7152}.Release|Any CPU.ActiveCfg = Release|Any CPU
		{D54965EC-7B25-4BB7-BCFB-4D5EC5ED7152}.Release|Any CPU.Build.0 = Release|Any CPU
	EndGlobalSection
	GlobalSection(SolutionProperties) = preSolution
		HideSolutionNode = FALSE
	EndGlobalSection
	GlobalSection(ExtensibilityGlobals) = postSolution
		SolutionGuid = {1AF0DE85-6CC3-4043-8367-6A8BAC2C8A4B}
	EndGlobalSection
EndGlobal
